
Microsoft Visual Studio Solution File, Format Version 12.00
# Visual Studio Version 16
VisualStudioVersion = 16.0.32929.386
MinimumVisualStudioVersion = 10.0.40219.1
Project("{FAE04EC0-301F-11D3-BF4B-00C04F79EFBC}") = "TranslatorTestProject", "TranslatorTestProject\TranslatorTestProject.csproj", "{4A62F3F6-B2D5-4BFD-B140-A6209A6013CF}"
EndProject
Global
	GlobalSection(SolutionConfigurationPlatforms) = preSolution
		Debug|Any CPU = Debug|Any CPU
		Release|Any CPU = Release|Any CPU
	EndGlobalSection
	GlobalSection(ProjectConfigurationPlatforms) = postSolution
		{4A62F3F6-B2D5-4BFD-B140-A6209A6013CF}.Debug|Any CPU.ActiveCfg = Debug|Any CPU
		{4A62F3F6-B2D5-4BFD-B140-A6209A6013CF}.Debug|Any CPU.Build.0 = Debug|Any CPU
		{4A62F3F6-B2D5-4BFD-B140-A6209A6013CF}.Release|Any CPU.ActiveCfg = Release|Any CPU
		{4A62F3F6-B2D5-4BFD-B140-A6209A6013CF}.Release|Any CPU.Build.0 = Release|Any CPU
	EndGlobalSection
	GlobalSection(SolutionProperties) = preSolution
		HideSolutionNode = FALSE
	EndGlobalSection
	GlobalSection(ExtensibilityGlobals) = postSolution
		SolutionGuid = {4115D8DE-9FD7-4077-9EA9-E28E0DFF52D3}
	EndGlobalSection
EndGlobal
